// !$*UTF8*$!
{
	archiveVersion = 1;
	classes = {
	};
	objectVersion = 50;
	objects = {

/* Begin PBXBuildFile section */
		7943746A214C3A9A00A6560D /* 16x16 RPG Item PackItem__00.png in Resources */ = {isa = PBXBuildFile; fileRef = 79437469214C3A9A00A6560D /* 16x16 RPG Item PackItem__00.png */; };
		7943746C214C3DA400A6560D /* Chicken.png in Resources */ = {isa = PBXBuildFile; fileRef = 7943746B214C3DA400A6560D /* Chicken.png */; };
		7943746F214C3EC800A6560D /* Peach.png in Resources */ = {isa = PBXBuildFile; fileRef = 7943746D214C3EC800A6560D /* Peach.png */; };
		79437470214C3EC800A6560D /* MelonWater.png in Resources */ = {isa = PBXBuildFile; fileRef = 7943746E214C3EC800A6560D /* MelonWater.png */; };
		79C80DBD21424B9200D0FD11 /* AppDelegate.swift in Sources */ = {isa = PBXBuildFile; fileRef = 79C80DBC21424B9200D0FD11 /* AppDelegate.swift */; };
		79C80DBF21424B9200D0FD11 /* GameScene.sks in Resources */ = {isa = PBXBuildFile; fileRef = 79C80DBE21424B9200D0FD11 /* GameScene.sks */; };
		79C80DC121424B9200D0FD11 /* Actions.sks in Resources */ = {isa = PBXBuildFile; fileRef = 79C80DC021424B9200D0FD11 /* Actions.sks */; };
		79C80DC321424B9200D0FD11 /* GameScene.swift in Sources */ = {isa = PBXBuildFile; fileRef = 79C80DC221424B9200D0FD11 /* GameScene.swift */; };
		79C80DC521424B9200D0FD11 /* GameViewController.swift in Sources */ = {isa = PBXBuildFile; fileRef = 79C80DC421424B9200D0FD11 /* GameViewController.swift */; };
		79C80DC821424B9200D0FD11 /* Main.storyboard in Resources */ = {isa = PBXBuildFile; fileRef = 79C80DC621424B9200D0FD11 /* Main.storyboard */; };
		79C80DCA21424B9500D0FD11 /* Assets.xcassets in Resources */ = {isa = PBXBuildFile; fileRef = 79C80DC921424B9500D0FD11 /* Assets.xcassets */; };
		79C80DCD21424B9500D0FD11 /* LaunchScreen.storyboard in Resources */ = {isa = PBXBuildFile; fileRef = 79C80DCB21424B9500D0FD11 /* LaunchScreen.storyboard */; };
/* End PBXBuildFile section */

/* Begin PBXFileReference section */
		79437469214C3A9A00A6560D /* 16x16 RPG Item PackItem__00.png */ = {isa = PBXFileReference; lastKnownFileType = image.png; name = "16x16 RPG Item PackItem__00.png"; path = "Assets.xcassets/16x16 RPG Item PackItem__00.png"; sourceTree = "<group>"; };
		7943746B214C3DA400A6560D /* Chicken.png */ = {isa = PBXFileReference; lastKnownFileType = image.png; name = Chicken.png; path = Assets.xcassets/Chicken.png; sourceTree = "<group>"; };
		7943746D214C3EC800A6560D /* Peach.png */ = {isa = PBXFileReference; lastKnownFileType = image.png; name = Peach.png; path = Assets.xcassets/Peach.png; sourceTree = "<group>"; };
		7943746E214C3EC800A6560D /* MelonWater.png */ = {isa = PBXFileReference; lastKnownFileType = image.png; name = MelonWater.png; path = Assets.xcassets/MelonWater.png; sourceTree = "<group>"; };
		79C80DB921424B9200D0FD11 /* Knives-Chicken-and-Salad.app */ = {isa = PBXFileReference; explicitFileType = wrapper.application; includeInIndex = 0; path = "Knives-Chicken-and-Salad.app"; sourceTree = BUILT_PRODUCTS_DIR; };
		79C80DBC21424B9200D0FD11 /* AppDelegate.swift */ = {isa = PBXFileReference; lastKnownFileType = sourcecode.swift; path = AppDelegate.swift; sourceTree = "<group>"; };
		79C80DBE21424B9200D0FD11 /* GameScene.sks */ = {isa = PBXFileReference; lastKnownFileType = file.sks; path = GameScene.sks; sourceTree = "<group>"; };
		79C80DC021424B9200D0FD11 /* Actions.sks */ = {isa = PBXFileReference; lastKnownFileType = file.sks; path = Actions.sks; sourceTree = "<group>"; };
		79C80DC221424B9200D0FD11 /* GameScene.swift */ = {isa = PBXFileReference; lastKnownFileType = sourcecode.swift; path = GameScene.swift; sourceTree = "<group>"; };
		79C80DC421424B9200D0FD11 /* GameViewController.swift */ = {isa = PBXFileReference; lastKnownFileType = sourcecode.swift; path = GameViewController.swift; sourceTree = "<group>"; };
		79C80DC721424B9200D0FD11 /* Base */ = {isa = PBXFileReference; lastKnownFileType = file.storyboard; name = Base; path = Base.lproj/Main.storyboard; sourceTree = "<group>"; };
		79C80DC921424B9500D0FD11 /* Assets.xcassets */ = {isa = PBXFileReference; lastKnownFileType = folder.assetcatalog; path = Assets.xcassets; sourceTree = "<group>"; };
		79C80DCC21424B9500D0FD11 /* Base */ = {isa = PBXFileReference; lastKnownFileType = file.storyboard; name = Base; path = Base.lproj/LaunchScreen.storyboard; sourceTree = "<group>"; };
		79C80DCE21424B9500D0FD11 /* Info.plist */ = {isa = PBXFileReference; lastKnownFileType = text.plist.xml; path = Info.plist; sourceTree = "<group>"; };
/* End PBXFileReference section */

/* Begin PBXFrameworksBuildPhase section */
		79C80DB621424B9200D0FD11 /* Frameworks */ = {
			isa = PBXFrameworksBuildPhase;
			buildActionMask = 2147483647;
			files = (
			);
			runOnlyForDeploymentPostprocessing = 0;
		};
/* End PBXFrameworksBuildPhase section */

/* Begin PBXGroup section */
		79C80DB021424B9100D0FD11 = {
			isa = PBXGroup;
			children = (
				79C80DBB21424B9200D0FD11 /* Knives-Chicken-and-Salad */,
				79C80DBA21424B9200D0FD11 /* Products */,
			);
			sourceTree = "<group>";
		};
		79C80DBA21424B9200D0FD11 /* Products */ = {
			isa = PBXGroup;
			children = (
				79C80DB921424B9200D0FD11 /* Knives-Chicken-and-Salad.app */,
			);
			name = Products;
			sourceTree = "<group>";
		};
		79C80DBB21424B9200D0FD11 /* Knives-Chicken-and-Salad */ = {
			isa = PBXGroup;
			children = (
				7943746E214C3EC800A6560D /* MelonWater.png */,
				7943746D214C3EC800A6560D /* Peach.png */,
				79C80DBC21424B9200D0FD11 /* AppDelegate.swift */,
				79C80DBE21424B9200D0FD11 /* GameScene.sks */,
				7943746B214C3DA400A6560D /* Chicken.png */,
				79C80DC021424B9200D0FD11 /* Actions.sks */,
				79C80DC221424B9200D0FD11 /* GameScene.swift */,
				79C80DC421424B9200D0FD11 /* GameViewController.swift */,
				79C80DC621424B9200D0FD11 /* Main.storyboard */,
				79C80DC921424B9500D0FD11 /* Assets.xcassets */,
				79437469214C3A9A00A6560D /* 16x16 RPG Item PackItem__00.png */,
				79C80DCB21424B9500D0FD11 /* LaunchScreen.storyboard */,
				79C80DCE21424B9500D0FD11 /* Info.plist */,
			);
			path = "Knives-Chicken-and-Salad";
			sourceTree = "<group>";
		};
/* End PBXGroup section */

/* Begin PBXNativeTarget section */
		79C80DB821424B9200D0FD11 /* Knives-Chicken-and-Salad */ = {
			isa = PBXNativeTarget;
			buildConfigurationList = 79C80DD121424B9500D0FD11 /* Build configuration list for PBXNativeTarget "Knives-Chicken-and-Salad" */;
			buildPhases = (
				79C80DB521424B9200D0FD11 /* Sources */,
				79C80DB621424B9200D0FD11 /* Frameworks */,
				79C80DB721424B9200D0FD11 /* Resources */,
			);
			buildRules = (
			);
			dependencies = (
			);
			name = "Knives-Chicken-and-Salad";
			productName = "Knives-Chicken-and-Salad";
			productReference = 79C80DB921424B9200D0FD11 /* Knives-Chicken-and-Salad.app */;
			productType = "com.apple.product-type.application";
		};
/* End PBXNativeTarget section */

/* Begin PBXProject section */
		79C80DB121424B9100D0FD11 /* Project object */ = {
			isa = PBXProject;
			attributes = {
				LastSwiftUpdateCheck = 0940;
				LastUpgradeCheck = 0940;
				ORGANIZATIONNAME = "james luo";
				TargetAttributes = {
					79C80DB821424B9200D0FD11 = {
						CreatedOnToolsVersion = 9.4.1;
					};
				};
			};
			buildConfigurationList = 79C80DB421424B9100D0FD11 /* Build configuration list for PBXProject "Knives-Chicken-and-Salad" */;
			compatibilityVersion = "Xcode 9.3";
			developmentRegion = en;
			hasScannedForEncodings = 0;
			knownRegions = (
				en,
				Base,
			);
			mainGroup = 79C80DB021424B9100D0FD11;
			productRefGroup = 79C80DBA21424B9200D0FD11 /* Products */;
			projectDirPath = "";
			projectRoot = "";
			targets = (
				79C80DB821424B9200D0FD11 /* Knives-Chicken-and-Salad */,
			);
		};
/* End PBXProject section */

/* Begin PBXResourcesBuildPhase section */
		79C80DB721424B9200D0FD11 /* Resources */ = {
			isa = PBXResourcesBuildPhase;
			buildActionMask = 2147483647;
			files = (
				7943746A214C3A9A00A6560D /* 16x16 RPG Item PackItem__00.png in Resources */,
				79C80DC821424B9200D0FD11 /* Main.storyboard in Resources */,
				7943746C214C3DA400A6560D /* Chicken.png in Resources */,
				79C80DBF21424B9200D0FD11 /* GameScene.sks in Resources */,
				79437470214C3EC800A6560D /* MelonWater.png in Resources */,
				79C80DCA21424B9500D0FD11 /* Assets.xcassets in Resources */,
				7943746F214C3EC800A6560D /* Peach.png in Resources */,
				79C80DCD21424B9500D0FD11 /* LaunchScreen.storyboard in Resources */,
				79C80DC121424B9200D0FD11 /* Actions.sks in Resources */,
			);
			runOnlyForDeploymentPostprocessing = 0;
		};
/* End PBXResourcesBuildPhase section */

/* Begin PBXSourcesBuildPhase section */
		79C80DB521424B9200D0FD11 /* Sources */ = {
			isa = PBXSourcesBuildPhase;
			buildActionMask = 2147483647;
			files = (
				79C80DC321424B9200D0FD11 /* GameScene.swift in Sources */,
				79C80DC521424B9200D0FD11 /* GameViewController.swift in Sources */,
				79C80DBD21424B9200D0FD11 /* AppDelegate.swift in Sources */,
			);
			runOnlyForDeploymentPostprocessing = 0;
		};
/* End PBXSourcesBuildPhase section */

/* Begin PBXVariantGroup section */
		79C80DC621424B9200D0FD11 /* Main.storyboard */ = {
			isa = PBXVariantGroup;
			children = (
				79C80DC721424B9200D0FD11 /* Base */,
			);
			name = Main.storyboard;
			sourceTree = "<group>";
		};
		79C80DCB21424B9500D0FD11 /* LaunchScreen.storyboard */ = {
			isa = PBXVariantGroup;
			children = (
				79C80DCC21424B9500D0FD11 /* Base */,
			);
			name = LaunchScreen.storyboard;
			sourceTree = "<group>";
		};
/* End PBXVariantGroup section */

/* Begin XCBuildConfiguration section */
		79C80DCF21424B9500D0FD11 /* Debug */ = {
			isa = XCBuildConfiguration;
			buildSettings = {
				ALWAYS_SEARCH_USER_PATHS = NO;
				CLANG_ANALYZER_NONNULL = YES;
				CLANG_ANALYZER_NUMBER_OBJECT_CONVERSION = YES_AGGRESSIVE;
				CLANG_CXX_LANGUAGE_STANDARD = "gnu++14";
				CLANG_CXX_LIBRARY = "libc++";
				CLANG_ENABLE_MODULES = YES;
				CLANG_ENABLE_OBJC_ARC = YES;
				CLANG_ENABLE_OBJC_WEAK = YES;
				CLANG_WARN_BLOCK_CAPTURE_AUTORELEASING = YES;
				CLANG_WARN_BOOL_CONVERSION = YES;
				CLANG_WARN_COMMA = YES;
				CLANG_WARN_CONSTANT_CONVERSION = YES;
				CLANG_WARN_DEPRECATED_OBJC_IMPLEMENTATIONS = YES;
				CLANG_WARN_DIRECT_OBJC_ISA_USAGE = YES_ERROR;
				CLANG_WARN_DOCUMENTATION_COMMENTS = YES;
				CLANG_WARN_EMPTY_BODY = YES;
				CLANG_WARN_ENUM_CONVERSION = YES;
				CLANG_WARN_INFINITE_RECURSION = YES;
				CLANG_WARN_INT_CONVERSION = YES;
				CLANG_WARN_NON_LITERAL_NULL_CONVERSION = YES;
				CLANG_WARN_OBJC_IMPLICIT_RETAIN_SELF = YES;
				CLANG_WARN_OBJC_LITERAL_CONVERSION = YES;
				CLANG_WARN_OBJC_ROOT_CLASS = YES_ERROR;
				CLANG_WARN_RANGE_LOOP_ANALYSIS = YES;
				CLANG_WARN_STRICT_PROTOTYPES = YES;
				CLANG_WARN_SUSPICIOUS_MOVE = YES;
				CLANG_WARN_UNGUARDED_AVAILABILITY = YES_AGGRESSIVE;
				CLANG_WARN_UNREACHABLE_CODE = YES;
				CLANG_WARN__DUPLICATE_METHOD_MATCH = YES;
				CODE_SIGN_IDENTITY = "iPhone Developer";
				COPY_PHASE_STRIP = NO;
				DEBUG_INFORMATION_FORMAT = dwarf;
				ENABLE_STRICT_OBJC_MSGSEND = YES;
				ENABLE_TESTABILITY = YES;
				GCC_C_LANGUAGE_STANDARD = gnu11;
				GCC_DYNAMIC_NO_PIC = NO;
				GCC_NO_COMMON_BLOCKS = YES;
				GCC_OPTIMIZATION_LEVEL = 0;
				GCC_PREPROCESSOR_DEFINITIONS = (
					"DEBUG=1",
					"$(inherited)",
				);
				GCC_WARN_64_TO_32_BIT_CONVERSION = YES;
				GCC_WARN_ABOUT_RETURN_TYPE = YES_ERROR;
				GCC_WARN_UNDECLARED_SELECTOR = YES;
				GCC_WARN_UNINITIALIZED_AUTOS = YES_AGGRESSIVE;
				GCC_WARN_UNUSED_FUNCTION = YES;
				GCC_WARN_UNUSED_VARIABLE = YES;
				IPHONEOS_DEPLOYMENT_TARGET = 11.4;
				MTL_ENABLE_DEBUG_INFO = YES;
				ONLY_ACTIVE_ARCH = YES;
				SDKROOT = iphoneos;
				SWIFT_ACTIVE_COMPILATION_CONDITIONS = DEBUG;
				SWIFT_OPTIMIZATION_LEVEL = "-Onone";
			};
			name = Debug;
		};
		79C80DD021424B9500D0FD11 /* Release */ = {
			isa = XCBuildConfiguration;
			buildSettings = {
				ALWAYS_SEARCH_USER_PATHS = NO;
				CLANG_ANALYZER_NONNULL = YES;
				CLANG_ANALYZER_NUMBER_OBJECT_CONVERSION = YES_AGGRESSIVE;
				CLANG_CXX_LANGUAGE_STANDARD = "gnu++14";
				CLANG_CXX_LIBRARY = "libc++";
				CLANG_ENABLE_MODULES = YES;
				CLANG_ENABLE_OBJC_ARC = YES;
				CLANG_ENABLE_OBJC_WEAK = YES;
				CLANG_WARN_BLOCK_CAPTURE_AUTORELEASING = YES;
				CLANG_WARN_BOOL_CONVERSION = YES;
				CLANG_WARN_COMMA = YES;
				CLANG_WARN_CONSTANT_CONVERSION = YES;
				CLANG_WARN_DEPRECATED_OBJC_IMPLEMENTATIONS = YES;
				CLANG_WARN_DIRECT_OBJC_ISA_USAGE = YES_ERROR;
				CLANG_WARN_DOCUMENTATION_COMMENTS = YES;
				CLANG_WARN_EMPTY_BODY = YES;
				CLANG_WARN_ENUM_CONVERSION = YES;
				CLANG_WARN_INFINITE_RECURSION = YES;
				CLANG_WARN_INT_CONVERSION = YES;
				CLANG_WARN_NON_LITERAL_NULL_CONVERSION = YES;
				CLANG_WARN_OBJC_IMPLICIT_RETAIN_SELF = YES;
				CLANG_WARN_OBJC_LITERAL_CONVERSION = YES;
				CLANG_WARN_OBJC_ROOT_CLASS = YES_ERROR;
				CLANG_WARN_RANGE_LOOP_ANALYSIS = YES;
				CLANG_WARN_STRICT_PROTOTYPES = YES;
				CLANG_WARN_SUSPICIOUS_MOVE = YES;
				CLANG_WARN_UNGUARDED_AVAILABILITY = YES_AGGRESSIVE;
				CLANG_WARN_UNREACHABLE_CODE = YES;
				CLANG_WARN__DUPLICATE_METHOD_MATCH = YES;
				CODE_SIGN_IDENTITY = "iPhone Developer";
				COPY_PHASE_STRIP = NO;
				DEBUG_INFORMATION_FORMAT = "dwarf-with-dsym";
				ENABLE_NS_ASSERTIONS = NO;
				ENABLE_STRICT_OBJC_MSGSEND = YES;
				GCC_C_LANGUAGE_STANDARD = gnu11;
				GCC_NO_COMMON_BLOCKS = YES;
				GCC_WARN_64_TO_32_BIT_CONVERSION = YES;
				GCC_WARN_ABOUT_RETURN_TYPE = YES_ERROR;
				GCC_WARN_UNDECLARED_SELECTOR = YES;
				GCC_WARN_UNINITIALIZED_AUTOS = YES_AGGRESSIVE;
				GCC_WARN_UNUSED_FUNCTION = YES;
				GCC_WARN_UNUSED_VARIABLE = YES;
				IPHONEOS_DEPLOYMENT_TARGET = 11.4;
				MTL_ENABLE_DEBUG_INFO = NO;
				SDKROOT = iphoneos;
				SWIFT_COMPILATION_MODE = wholemodule;
				SWIFT_OPTIMIZATION_LEVEL = "-O";
				VALIDATE_PRODUCT = YES;
			};
			name = Release;
		};
		79C80DD221424B9500D0FD11 /* Debug */ = {
			isa = XCBuildConfiguration;
			buildSettings = {
				ASSETCATALOG_COMPILER_APPICON_NAME = AppIcon;
				CODE_SIGN_STYLE = Automatic;
				DEVELOPMENT_TEAM = TCL5NNKKA5;
				INFOPLIST_FILE = "Knives-Chicken-and-Salad/Info.plist";
				LD_RUNPATH_SEARCH_PATHS = (
					"$(inherited)",
					"@executable_path/Frameworks",
				);
				PRODUCT_BUNDLE_IDENTIFIER = "acm.Knives-Chicken-and-Salad";
				PRODUCT_NAME = "$(TARGET_NAME)";
				SWIFT_VERSION = 4.0;
				TARGETED_DEVICE_FAMILY = "1,2";
			};
			name = Debug;
		};
		79C80DD321424B9500D0FD11 /* Release */ = {
			isa = XCBuildConfiguration;
			buildSettings = {
				ASSETCATALOG_COMPILER_APPICON_NAME = AppIcon;
				CODE_SIGN_STYLE = Automatic;
				DEVELOPMENT_TEAM = TCL5NNKKA5;
				INFOPLIST_FILE = "Knives-Chicken-and-Salad/Info.plist";
				LD_RUNPATH_SEARCH_PATHS = (
					"$(inherited)",
					"@executable_path/Frameworks",
				);
				PRODUCT_BUNDLE_IDENTIFIER = "acm.Knives-Chicken-and-Salad";
				PRODUCT_NAME = "$(TARGET_NAME)";
				SWIFT_VERSION = 4.0;
				TARGETED_DEVICE_FAMILY = "1,2";
			};
			name = Release;
		};
/* End XCBuildConfiguration section */

/* Begin XCConfigurationList section */
		79C80DB421424B9100D0FD11 /* Build configuration list for PBXProject "Knives-Chicken-and-Salad" */ = {
			isa = XCConfigurationList;
			buildConfigurations = (
				79C80DCF21424B9500D0FD11 /* Debug */,
				79C80DD021424B9500D0FD11 /* Release */,
			);
			defaultConfigurationIsVisible = 0;
			defaultConfigurationName = Release;
		};
		79C80DD121424B9500D0FD11 /* Build configuration list for PBXNativeTarget "Knives-Chicken-and-Salad" */ = {
			isa = XCConfigurationList;
			buildConfigurations = (
				79C80DD221424B9500D0FD11 /* Debug */,
				79C80DD321424B9500D0FD11 /* Release */,
			);
			defaultConfigurationIsVisible = 0;
			defaultConfigurationName = Release;
		};
/* End XCConfigurationList section */
	};
	rootObject = 79C80DB121424B9100D0FD11 /* Project object */;
}
